{
  "name": "device",
  "version": "1.0.0",
  "lockfileVersion": 1,
  "requires": true,
  "dependencies": {
    "device-detecter": {
      "version": "2.0.3",
      "resolved": "https://registry.npmjs.org/device-detecter/-/device-detecter-2.0.3.tgz",
      "integrity": "sha512-Sm8lwOjPZ0sR7GSrhlhsolyXN6p6lErK3B3DAWRBJghPQwWKWMK3FcToZrsf7mCkOLKxNz6/5ILUvDjNM52nOw=="
    }
  }
}
