{
  "name": "device",
  "version": "1.0.0",
  "lockfileVersion": 1,
  "requires": true,
  "dependencies": {
    "device-detecter": {
      "version": "1.0.1",
      "resolved": "https://registry.npmjs.org/device-detecter/-/device-detecter-1.0.1.tgz",
      "integrity": "sha512-BG/R7DZ5t2Toj/I+qlY+tqlGgfZ0iwFhJwRkMPRE7SKreni9ytgORDRQPNj9nZBq4kkyoSp88spye4uoQujKDw=="
    }
  }
}
